// !$*UTF8*$!
{
	archiveVersion = 1;
	classes = {
	};
	objectVersion = 52;
	objects = {

/* Begin PBXBuildFile section */
		3B0F212E24966AAE000B5323 /* CodeScanner in Frameworks */ = {isa = PBXBuildFile; productRef = 3B0F212D24966AAE000B5323 /* CodeScanner */; };
		3BB2623924941E4B0068CB46 /* AppDelegate.swift in Sources */ = {isa = PBXBuildFile; fileRef = 3BB2623824941E4B0068CB46 /* AppDelegate.swift */; };
		3BB2623B24941E4B0068CB46 /* SceneDelegate.swift in Sources */ = {isa = PBXBuildFile; fileRef = 3BB2623A24941E4B0068CB46 /* SceneDelegate.swift */; };
		3BB2623D24941E4B0068CB46 /* ContentView.swift in Sources */ = {isa = PBXBuildFile; fileRef = 3BB2623C24941E4B0068CB46 /* ContentView.swift */; };
		3BB2623F24941E4B0068CB46 /* Assets.xcassets in Resources */ = {isa = PBXBuildFile; fileRef = 3BB2623E24941E4B0068CB46 /* Assets.xcassets */; };
		3BB2624224941E4B0068CB46 /* Preview Assets.xcassets in Resources */ = {isa = PBXBuildFile; fileRef = 3BB2624124941E4B0068CB46 /* Preview Assets.xcassets */; };
		3BB2624524941E4B0068CB46 /* LaunchScreen.storyboard in Resources */ = {isa = PBXBuildFile; fileRef = 3BB2624324941E4B0068CB46 /* LaunchScreen.storyboard */; };
		3BB2624D24941F1E0068CB46 /* ProspectsView.swift in Sources */ = {isa = PBXBuildFile; fileRef = 3BB2624C24941F1E0068CB46 /* ProspectsView.swift */; };
		3BB2624F24941F250068CB46 /* MeView.swift in Sources */ = {isa = PBXBuildFile; fileRef = 3BB2624E24941F250068CB46 /* MeView.swift */; };
		3BB26251249425DA0068CB46 /* Prospect.swift in Sources */ = {isa = PBXBuildFile; fileRef = 3BB26250249425DA0068CB46 /* Prospect.swift */; };
/* End PBXBuildFile section */

/* Begin PBXFileReference section */
		3BB2623524941E4B0068CB46 /* HotProspects.app */ = {isa = PBXFileReference; explicitFileType = wrapper.application; includeInIndex = 0; path = HotProspects.app; sourceTree = BUILT_PRODUCTS_DIR; };
		3BB2623824941E4B0068CB46 /* AppDelegate.swift */ = {isa = PBXFileReference; lastKnownFileType = sourcecode.swift; path = AppDelegate.swift; sourceTree = "<group>"; };
		3BB2623A24941E4B0068CB46 /* SceneDelegate.swift */ = {isa = PBXFileReference; lastKnownFileType = sourcecode.swift; path = SceneDelegate.swift; sourceTree = "<group>"; };
		3BB2623C24941E4B0068CB46 /* ContentView.swift */ = {isa = PBXFileReference; lastKnownFileType = sourcecode.swift; path = ContentView.swift; sourceTree = "<group>"; };
		3BB2623E24941E4B0068CB46 /* Assets.xcassets */ = {isa = PBXFileReference; lastKnownFileType = folder.assetcatalog; path = Assets.xcassets; sourceTree = "<group>"; };
		3BB2624124941E4B0068CB46 /* Preview Assets.xcassets */ = {isa = PBXFileReference; lastKnownFileType = folder.assetcatalog; path = "Preview Assets.xcassets"; sourceTree = "<group>"; };
		3BB2624424941E4B0068CB46 /* Base */ = {isa = PBXFileReference; lastKnownFileType = file.storyboard; name = Base; path = Base.lproj/LaunchScreen.storyboard; sourceTree = "<group>"; };
		3BB2624624941E4B0068CB46 /* Info.plist */ = {isa = PBXFileReference; lastKnownFileType = text.plist.xml; path = Info.plist; sourceTree = "<group>"; };
		3BB2624C24941F1E0068CB46 /* ProspectsView.swift */ = {isa = PBXFileReference; lastKnownFileType = sourcecode.swift; path = ProspectsView.swift; sourceTree = "<group>"; };
		3BB2624E24941F250068CB46 /* MeView.swift */ = {isa = PBXFileReference; lastKnownFileType = sourcecode.swift; path = MeView.swift; sourceTree = "<group>"; };
		3BB26250249425DA0068CB46 /* Prospect.swift */ = {isa = PBXFileReference; lastKnownFileType = sourcecode.swift; path = Prospect.swift; sourceTree = "<group>"; };
/* End PBXFileReference section */

/* Begin PBXFrameworksBuildPhase section */
		3BB2623224941E4B0068CB46 /* Frameworks */ = {
			isa = PBXFrameworksBuildPhase;
			buildActionMask = 2147483647;
			files = (
				3B0F212E24966AAE000B5323 /* CodeScanner in Frameworks */,
			);
			runOnlyForDeploymentPostprocessing = 0;
		};
/* End PBXFrameworksBuildPhase section */

/* Begin PBXGroup section */
		3BB2622C24941E4B0068CB46 = {
			isa = PBXGroup;
			children = (
				3BB2623724941E4B0068CB46 /* HotProspects */,
				3BB2623624941E4B0068CB46 /* Products */,
			);
			sourceTree = "<group>";
		};
		3BB2623624941E4B0068CB46 /* Products */ = {
			isa = PBXGroup;
			children = (
				3BB2623524941E4B0068CB46 /* HotProspects.app */,
			);
			name = Products;
			sourceTree = "<group>";
		};
		3BB2623724941E4B0068CB46 /* HotProspects */ = {
			isa = PBXGroup;
			children = (
				3BB2623824941E4B0068CB46 /* AppDelegate.swift */,
				3BB2623A24941E4B0068CB46 /* SceneDelegate.swift */,
				3BB2623C24941E4B0068CB46 /* ContentView.swift */,
				3BB26250249425DA0068CB46 /* Prospect.swift */,
				3BB2624C24941F1E0068CB46 /* ProspectsView.swift */,
				3BB2624E24941F250068CB46 /* MeView.swift */,
				3BB2623E24941E4B0068CB46 /* Assets.xcassets */,
				3BB2624324941E4B0068CB46 /* LaunchScreen.storyboard */,
				3BB2624624941E4B0068CB46 /* Info.plist */,
				3BB2624024941E4B0068CB46 /* Preview Content */,
			);
			path = HotProspects;
			sourceTree = "<group>";
		};
		3BB2624024941E4B0068CB46 /* Preview Content */ = {
			isa = PBXGroup;
			children = (
				3BB2624124941E4B0068CB46 /* Preview Assets.xcassets */,
			);
			path = "Preview Content";
			sourceTree = "<group>";
		};
/* End PBXGroup section */

/* Begin PBXNativeTarget section */
		3BB2623424941E4B0068CB46 /* HotProspects */ = {
			isa = PBXNativeTarget;
			buildConfigurationList = 3BB2624924941E4B0068CB46 /* Build configuration list for PBXNativeTarget "HotProspects" */;
			buildPhases = (
				3BB2623124941E4B0068CB46 /* Sources */,
				3BB2623224941E4B0068CB46 /* Frameworks */,
				3BB2623324941E4B0068CB46 /* Resources */,
			);
			buildRules = (
			);
			dependencies = (
			);
			name = HotProspects;
			packageProductDependencies = (
				3B0F212D24966AAE000B5323 /* CodeScanner */,
			);
			productName = HotProspects;
			productReference = 3BB2623524941E4B0068CB46 /* HotProspects.app */;
			productType = "com.apple.product-type.application";
		};
/* End PBXNativeTarget section */

/* Begin PBXProject section */
		3BB2622D24941E4B0068CB46 /* Project object */ = {
			isa = PBXProject;
			attributes = {
				LastSwiftUpdateCheck = 1150;
				LastUpgradeCheck = 1150;
				ORGANIZATIONNAME = "Rich Kummer";
				TargetAttributes = {
					3BB2623424941E4B0068CB46 = {
						CreatedOnToolsVersion = 11.5;
					};
				};
			};
			buildConfigurationList = 3BB2623024941E4B0068CB46 /* Build configuration list for PBXProject "HotProspects" */;
			compatibilityVersion = "Xcode 9.3";
			developmentRegion = en;
			hasScannedForEncodings = 0;
			knownRegions = (
				en,
				Base,
			);
			mainGroup = 3BB2622C24941E4B0068CB46;
			packageReferences = (
				3B0F212C24966AAE000B5323 /* XCRemoteSwiftPackageReference "CodeScanner" */,
			);
			productRefGroup = 3BB2623624941E4B0068CB46 /* Products */;
			projectDirPath = "";
			projectRoot = "";
			targets = (
				3BB2623424941E4B0068CB46 /* HotProspects */,
			);
		};
/* End PBXProject section */

/* Begin PBXResourcesBuildPhase section */
		3BB2623324941E4B0068CB46 /* Resources */ = {
			isa = PBXResourcesBuildPhase;
			buildActionMask = 2147483647;
			files = (
				3BB2624524941E4B0068CB46 /* LaunchScreen.storyboard in Resources */,
				3BB2624224941E4B0068CB46 /* Preview Assets.xcassets in Resources */,
				3BB2623F24941E4B0068CB46 /* Assets.xcassets in Resources */,
			);
			runOnlyForDeploymentPostprocessing = 0;
		};
/* End PBXResourcesBuildPhase section */

/* Begin PBXSourcesBuildPhase section */
		3BB2623124941E4B0068CB46 /* Sources */ = {
			isa = PBXSourcesBuildPhase;
			buildActionMask = 2147483647;
			files = (
				3BB2624D24941F1E0068CB46 /* ProspectsView.swift in Sources */,
				3BB26251249425DA0068CB46 /* Prospect.swift in Sources */,
				3BB2623924941E4B0068CB46 /* AppDelegate.swift in Sources */,
				3BB2623B24941E4B0068CB46 /* SceneDelegate.swift in Sources */,
				3BB2623D24941E4B0068CB46 /* ContentView.swift in Sources */,
				3BB2624F24941F250068CB46 /* MeView.swift in Sources */,
			);
			runOnlyForDeploymentPostprocessing = 0;
		};
/* End PBXSourcesBuildPhase section */

/* Begin PBXVariantGroup section */
		3BB2624324941E4B0068CB46 /* LaunchScreen.storyboard */ = {
			isa = PBXVariantGroup;
			children = (
				3BB2624424941E4B0068CB46 /* Base */,
			);
			name = LaunchScreen.storyboard;
			sourceTree = "<group>";
		};
/* End PBXVariantGroup section */

/* Begin XCBuildConfiguration section */
		3BB2624724941E4B0068CB46 /* Debug */ = {
			isa = XCBuildConfiguration;
			buildSettings = {
				ALWAYS_SEARCH_USER_PATHS = NO;
				CLANG_ANALYZER_NONNULL = YES;
				CLANG_ANALYZER_NUMBER_OBJECT_CONVERSION = YES_AGGRESSIVE;
				CLANG_CXX_LANGUAGE_STANDARD = "gnu++14";
				CLANG_CXX_LIBRARY = "libc++";
				CLANG_ENABLE_MODULES = YES;
				CLANG_ENABLE_OBJC_ARC = YES;
				CLANG_ENABLE_OBJC_WEAK = YES;
				CLANG_WARN_BLOCK_CAPTURE_AUTORELEASING = YES;
				CLANG_WARN_BOOL_CONVERSION = YES;
				CLANG_WARN_COMMA = YES;
				CLANG_WARN_CONSTANT_CONVERSION = YES;
				CLANG_WARN_DEPRECATED_OBJC_IMPLEMENTATIONS = YES;
				CLANG_WARN_DIRECT_OBJC_ISA_USAGE = YES_ERROR;
				CLANG_WARN_DOCUMENTATION_COMMENTS = YES;
				CLANG_WARN_EMPTY_BODY = YES;
				CLANG_WARN_ENUM_CONVERSION = YES;
				CLANG_WARN_INFINITE_RECURSION = YES;
				CLANG_WARN_INT_CONVERSION = YES;
				CLANG_WARN_NON_LITERAL_NULL_CONVERSION = YES;
				CLANG_WARN_OBJC_IMPLICIT_RETAIN_SELF = YES;
				CLANG_WARN_OBJC_LITERAL_CONVERSION = YES;
				CLANG_WARN_OBJC_ROOT_CLASS = YES_ERROR;
				CLANG_WARN_RANGE_LOOP_ANALYSIS = YES;
				CLANG_WARN_STRICT_PROTOTYPES = YES;
				CLANG_WARN_SUSPICIOUS_MOVE = YES;
				CLANG_WARN_UNGUARDED_AVAILABILITY = YES_AGGRESSIVE;
				CLANG_WARN_UNREACHABLE_CODE = YES;
				CLANG_WARN__DUPLICATE_METHOD_MATCH = YES;
				COPY_PHASE_STRIP = NO;
				DEBUG_INFORMATION_FORMAT = dwarf;
				ENABLE_STRICT_OBJC_MSGSEND = YES;
				ENABLE_TESTABILITY = YES;
				GCC_C_LANGUAGE_STANDARD = gnu11;
				GCC_DYNAMIC_NO_PIC = NO;
				GCC_NO_COMMON_BLOCKS = YES;
				GCC_OPTIMIZATION_LEVEL = 0;
				GCC_PREPROCESSOR_DEFINITIONS = (
					"DEBUG=1",
					"$(inherited)",
				);
				GCC_WARN_64_TO_32_BIT_CONVERSION = YES;
				GCC_WARN_ABOUT_RETURN_TYPE = YES_ERROR;
				GCC_WARN_UNDECLARED_SELECTOR = YES;
				GCC_WARN_UNINITIALIZED_AUTOS = YES_AGGRESSIVE;
				GCC_WARN_UNUSED_FUNCTION = YES;
				GCC_WARN_UNUSED_VARIABLE = YES;
				IPHONEOS_DEPLOYMENT_TARGET = 13.5;
				MTL_ENABLE_DEBUG_INFO = INCLUDE_SOURCE;
				MTL_FAST_MATH = YES;
				ONLY_ACTIVE_ARCH = YES;
				SDKROOT = iphoneos;
				SWIFT_ACTIVE_COMPILATION_CONDITIONS = DEBUG;
				SWIFT_OPTIMIZATION_LEVEL = "-Onone";
			};
			name = Debug;
		};
		3BB2624824941E4B0068CB46 /* Release */ = {
			isa = XCBuildConfiguration;
			buildSettings = {
				ALWAYS_SEARCH_USER_PATHS = NO;
				CLANG_ANALYZER_NONNULL = YES;
				CLANG_ANALYZER_NUMBER_OBJECT_CONVERSION = YES_AGGRESSIVE;
				CLANG_CXX_LANGUAGE_STANDARD = "gnu++14";
				CLANG_CXX_LIBRARY = "libc++";
				CLANG_ENABLE_MODULES = YES;
				CLANG_ENABLE_OBJC_ARC = YES;
				CLANG_ENABLE_OBJC_WEAK = YES;
				CLANG_WARN_BLOCK_CAPTURE_AUTORELEASING = YES;
				CLANG_WARN_BOOL_CONVERSION = YES;
				CLANG_WARN_COMMA = YES;
				CLANG_WARN_CONSTANT_CONVERSION = YES;
				CLANG_WARN_DEPRECATED_OBJC_IMPLEMENTATIONS = YES;
				CLANG_WARN_DIRECT_OBJC_ISA_USAGE = YES_ERROR;
				CLANG_WARN_DOCUMENTATION_COMMENTS = YES;
				CLANG_WARN_EMPTY_BODY = YES;
				CLANG_WARN_ENUM_CONVERSION = YES;
				CLANG_WARN_INFINITE_RECURSION = YES;
				CLANG_WARN_INT_CONVERSION = YES;
				CLANG_WARN_NON_LITERAL_NULL_CONVERSION = YES;
				CLANG_WARN_OBJC_IMPLICIT_RETAIN_SELF = YES;
				CLANG_WARN_OBJC_LITERAL_CONVERSION = YES;
				CLANG_WARN_OBJC_ROOT_CLASS = YES_ERROR;
				CLANG_WARN_RANGE_LOOP_ANALYSIS = YES;
				CLANG_WARN_STRICT_PROTOTYPES = YES;
				CLANG_WARN_SUSPICIOUS_MOVE = YES;
				CLANG_WARN_UNGUARDED_AVAILABILITY = YES_AGGRESSIVE;
				CLANG_WARN_UNREACHABLE_CODE = YES;
				CLANG_WARN__DUPLICATE_METHOD_MATCH = YES;
				COPY_PHASE_STRIP = NO;
				DEBUG_INFORMATION_FORMAT = "dwarf-with-dsym";
				ENABLE_NS_ASSERTIONS = NO;
				ENABLE_STRICT_OBJC_MSGSEND = YES;
				GCC_C_LANGUAGE_STANDARD = gnu11;
				GCC_NO_COMMON_BLOCKS = YES;
				GCC_WARN_64_TO_32_BIT_CONVERSION = YES;
				GCC_WARN_ABOUT_RETURN_TYPE = YES_ERROR;
				GCC_WARN_UNDECLARED_SELECTOR = YES;
				GCC_WARN_UNINITIALIZED_AUTOS = YES_AGGRESSIVE;
				GCC_WARN_UNUSED_FUNCTION = YES;
				GCC_WARN_UNUSED_VARIABLE = YES;
				IPHONEOS_DEPLOYMENT_TARGET = 13.5;
				MTL_ENABLE_DEBUG_INFO = NO;
				MTL_FAST_MATH = YES;
				SDKROOT = iphoneos;
				SWIFT_COMPILATION_MODE = wholemodule;
				SWIFT_OPTIMIZATION_LEVEL = "-O";
				VALIDATE_PRODUCT = YES;
			};
			name = Release;
		};
		3BB2624A24941E4B0068CB46 /* Debug */ = {
			isa = XCBuildConfiguration;
			buildSettings = {
				ASSETCATALOG_COMPILER_APPICON_NAME = AppIcon;
				CODE_SIGN_STYLE = Automatic;
				DEVELOPMENT_ASSET_PATHS = "\"HotProspects/Preview Content\"";
				DEVELOPMENT_TEAM = 3S9YUH3JW6;
				ENABLE_PREVIEWS = YES;
				INFOPLIST_FILE = HotProspects/Info.plist;
				LD_RUNPATH_SEARCH_PATHS = (
					"$(inherited)",
					"@executable_path/Frameworks",
				);
				PRODUCT_BUNDLE_IDENTIFIER = com.Esperdyne.HotProspects;
				PRODUCT_NAME = "$(TARGET_NAME)";
				SWIFT_VERSION = 5.0;
				TARGETED_DEVICE_FAMILY = "1,2";
			};
			name = Debug;
		};
		3BB2624B24941E4B0068CB46 /* Release */ = {
			isa = XCBuildConfiguration;
			buildSettings = {
				ASSETCATALOG_COMPILER_APPICON_NAME = AppIcon;
				CODE_SIGN_STYLE = Automatic;
				DEVELOPMENT_ASSET_PATHS = "\"HotProspects/Preview Content\"";
				DEVELOPMENT_TEAM = 3S9YUH3JW6;
				ENABLE_PREVIEWS = YES;
				INFOPLIST_FILE = HotProspects/Info.plist;
				LD_RUNPATH_SEARCH_PATHS = (
					"$(inherited)",
					"@executable_path/Frameworks",
				);
				PRODUCT_BUNDLE_IDENTIFIER = com.Esperdyne.HotProspects;
				PRODUCT_NAME = "$(TARGET_NAME)";
				SWIFT_VERSION = 5.0;
				TARGETED_DEVICE_FAMILY = "1,2";
			};
			name = Release;
		};
/* End XCBuildConfiguration section */

/* Begin XCConfigurationList section */
		3BB2623024941E4B0068CB46 /* Build configuration list for PBXProject "HotProspects" */ = {
			isa = XCConfigurationList;
			buildConfigurations = (
				3BB2624724941E4B0068CB46 /* Debug */,
				3BB2624824941E4B0068CB46 /* Release */,
			);
			defaultConfigurationIsVisible = 0;
			defaultConfigurationName = Release;
		};
		3BB2624924941E4B0068CB46 /* Build configuration list for PBXNativeTarget "HotProspects" */ = {
			isa = XCConfigurationList;
			buildConfigurations = (
				3BB2624A24941E4B0068CB46 /* Debug */,
				3BB2624B24941E4B0068CB46 /* Release */,
			);
			defaultConfigurationIsVisible = 0;
			defaultConfigurationName = Release;
		};
/* End XCConfigurationList section */

/* Begin XCRemoteSwiftPackageReference section */
		3B0F212C24966AAE000B5323 /* XCRemoteSwiftPackageReference "CodeScanner" */ = {
			isa = XCRemoteSwiftPackageReference;
			repositoryURL = "https://github.com/twostraws/CodeScanner";
			requirement = {
				kind = upToNextMajorVersion;
				minimumVersion = 1.0.6;
			};
		};
/* End XCRemoteSwiftPackageReference section */

/* Begin XCSwiftPackageProductDependency section */
		3B0F212D24966AAE000B5323 /* CodeScanner */ = {
			isa = XCSwiftPackageProductDependency;
			package = 3B0F212C24966AAE000B5323 /* XCRemoteSwiftPackageReference "CodeScanner" */;
			productName = CodeScanner;
		};
/* End XCSwiftPackageProductDependency section */
	};
	rootObject = 3BB2622D24941E4B0068CB46 /* Project object */;
}
