// !$*UTF8*$!
{
	archiveVersion = 1;
	classes = {
	};
	objectVersion = 50;
	objects = {

/* Begin PBXBuildFile section */
		3B03E45C247DB37F00A3676C /* AppDelegate.swift in Sources */ = {isa = PBXBuildFile; fileRef = 3B03E45B247DB37F00A3676C /* AppDelegate.swift */; };
		3B03E45E247DB37F00A3676C /* SceneDelegate.swift in Sources */ = {isa = PBXBuildFile; fileRef = 3B03E45D247DB37F00A3676C /* SceneDelegate.swift */; };
		3B03E461247DB37F00A3676C /* InstaFilter_3.xcdatamodeld in Sources */ = {isa = PBXBuildFile; fileRef = 3B03E45F247DB37F00A3676C /* InstaFilter_3.xcdatamodeld */; };
		3B03E463247DB37F00A3676C /* ContentView.swift in Sources */ = {isa = PBXBuildFile; fileRef = 3B03E462247DB37F00A3676C /* ContentView.swift */; };
		3B03E465247DB38000A3676C /* Assets.xcassets in Resources */ = {isa = PBXBuildFile; fileRef = 3B03E464247DB38000A3676C /* Assets.xcassets */; };
		3B03E468247DB38000A3676C /* Preview Assets.xcassets in Resources */ = {isa = PBXBuildFile; fileRef = 3B03E467247DB38000A3676C /* Preview Assets.xcassets */; };
		3B03E46B247DB38000A3676C /* LaunchScreen.storyboard in Resources */ = {isa = PBXBuildFile; fileRef = 3B03E469247DB38000A3676C /* LaunchScreen.storyboard */; };
		3B03E473247DB8F300A3676C /* ImagePicker.swift in Sources */ = {isa = PBXBuildFile; fileRef = 3B03E472247DB8F300A3676C /* ImagePicker.swift */; };
		3B6968DB247F164A00EA0C9B /* ImageSaver.swift in Sources */ = {isa = PBXBuildFile; fileRef = 3B6968DA247F164A00EA0C9B /* ImageSaver.swift */; };
/* End PBXBuildFile section */

/* Begin PBXFileReference section */
		3B03E458247DB37F00A3676C /* InstaFilter 3.app */ = {isa = PBXFileReference; explicitFileType = wrapper.application; includeInIndex = 0; path = "InstaFilter 3.app"; sourceTree = BUILT_PRODUCTS_DIR; };
		3B03E45B247DB37F00A3676C /* AppDelegate.swift */ = {isa = PBXFileReference; lastKnownFileType = sourcecode.swift; path = AppDelegate.swift; sourceTree = "<group>"; };
		3B03E45D247DB37F00A3676C /* SceneDelegate.swift */ = {isa = PBXFileReference; lastKnownFileType = sourcecode.swift; path = SceneDelegate.swift; sourceTree = "<group>"; };
		3B03E460247DB37F00A3676C /* InstaFilter_3.xcdatamodel */ = {isa = PBXFileReference; lastKnownFileType = wrapper.xcdatamodel; path = InstaFilter_3.xcdatamodel; sourceTree = "<group>"; };
		3B03E462247DB37F00A3676C /* ContentView.swift */ = {isa = PBXFileReference; lastKnownFileType = sourcecode.swift; path = ContentView.swift; sourceTree = "<group>"; };
		3B03E464247DB38000A3676C /* Assets.xcassets */ = {isa = PBXFileReference; lastKnownFileType = folder.assetcatalog; path = Assets.xcassets; sourceTree = "<group>"; };
		3B03E467247DB38000A3676C /* Preview Assets.xcassets */ = {isa = PBXFileReference; lastKnownFileType = folder.assetcatalog; path = "Preview Assets.xcassets"; sourceTree = "<group>"; };
		3B03E46A247DB38000A3676C /* Base */ = {isa = PBXFileReference; lastKnownFileType = file.storyboard; name = Base; path = Base.lproj/LaunchScreen.storyboard; sourceTree = "<group>"; };
		3B03E46C247DB38000A3676C /* Info.plist */ = {isa = PBXFileReference; lastKnownFileType = text.plist.xml; path = Info.plist; sourceTree = "<group>"; };
		3B03E472247DB8F300A3676C /* ImagePicker.swift */ = {isa = PBXFileReference; lastKnownFileType = sourcecode.swift; path = ImagePicker.swift; sourceTree = "<group>"; };
		3B6968DA247F164A00EA0C9B /* ImageSaver.swift */ = {isa = PBXFileReference; lastKnownFileType = sourcecode.swift; path = ImageSaver.swift; sourceTree = "<group>"; };
/* End PBXFileReference section */

/* Begin PBXFrameworksBuildPhase section */
		3B03E455247DB37F00A3676C /* Frameworks */ = {
			isa = PBXFrameworksBuildPhase;
			buildActionMask = 2147483647;
			files = (
			);
			runOnlyForDeploymentPostprocessing = 0;
		};
/* End PBXFrameworksBuildPhase section */

/* Begin PBXGroup section */
		3B03E44F247DB37F00A3676C = {
			isa = PBXGroup;
			children = (
				3B03E45A247DB37F00A3676C /* InstaFilter 3 */,
				3B03E459247DB37F00A3676C /* Products */,
			);
			sourceTree = "<group>";
		};
		3B03E459247DB37F00A3676C /* Products */ = {
			isa = PBXGroup;
			children = (
				3B03E458247DB37F00A3676C /* InstaFilter 3.app */,
			);
			name = Products;
			sourceTree = "<group>";
		};
		3B03E45A247DB37F00A3676C /* InstaFilter 3 */ = {
			isa = PBXGroup;
			children = (
				3B03E45B247DB37F00A3676C /* AppDelegate.swift */,
				3B03E45D247DB37F00A3676C /* SceneDelegate.swift */,
				3B03E462247DB37F00A3676C /* ContentView.swift */,
				3B6968DA247F164A00EA0C9B /* ImageSaver.swift */,
				3B03E472247DB8F300A3676C /* ImagePicker.swift */,
				3B03E464247DB38000A3676C /* Assets.xcassets */,
				3B03E469247DB38000A3676C /* LaunchScreen.storyboard */,
				3B03E46C247DB38000A3676C /* Info.plist */,
				3B03E45F247DB37F00A3676C /* InstaFilter_3.xcdatamodeld */,
				3B03E466247DB38000A3676C /* Preview Content */,
			);
			path = "InstaFilter 3";
			sourceTree = "<group>";
		};
		3B03E466247DB38000A3676C /* Preview Content */ = {
			isa = PBXGroup;
			children = (
				3B03E467247DB38000A3676C /* Preview Assets.xcassets */,
			);
			path = "Preview Content";
			sourceTree = "<group>";
		};
/* End PBXGroup section */

/* Begin PBXNativeTarget section */
		3B03E457247DB37F00A3676C /* InstaFilter 3 */ = {
			isa = PBXNativeTarget;
			buildConfigurationList = 3B03E46F247DB38000A3676C /* Build configuration list for PBXNativeTarget "InstaFilter 3" */;
			buildPhases = (
				3B03E454247DB37F00A3676C /* Sources */,
				3B03E455247DB37F00A3676C /* Frameworks */,
				3B03E456247DB37F00A3676C /* Resources */,
			);
			buildRules = (
			);
			dependencies = (
			);
			name = "InstaFilter 3";
			productName = "InstaFilter 3";
			productReference = 3B03E458247DB37F00A3676C /* InstaFilter 3.app */;
			productType = "com.apple.product-type.application";
		};
/* End PBXNativeTarget section */

/* Begin PBXProject section */
		3B03E450247DB37F00A3676C /* Project object */ = {
			isa = PBXProject;
			attributes = {
				LastSwiftUpdateCheck = 1140;
				LastUpgradeCheck = 1140;
				ORGANIZATIONNAME = "Rich Kummer";
				TargetAttributes = {
					3B03E457247DB37F00A3676C = {
						CreatedOnToolsVersion = 11.4.1;
					};
				};
			};
			buildConfigurationList = 3B03E453247DB37F00A3676C /* Build configuration list for PBXProject "InstaFilter 3" */;
			compatibilityVersion = "Xcode 9.3";
			developmentRegion = en;
			hasScannedForEncodings = 0;
			knownRegions = (
				en,
				Base,
			);
			mainGroup = 3B03E44F247DB37F00A3676C;
			productRefGroup = 3B03E459247DB37F00A3676C /* Products */;
			projectDirPath = "";
			projectRoot = "";
			targets = (
				3B03E457247DB37F00A3676C /* InstaFilter 3 */,
			);
		};
/* End PBXProject section */

/* Begin PBXResourcesBuildPhase section */
		3B03E456247DB37F00A3676C /* Resources */ = {
			isa = PBXResourcesBuildPhase;
			buildActionMask = 2147483647;
			files = (
				3B03E46B247DB38000A3676C /* LaunchScreen.storyboard in Resources */,
				3B03E468247DB38000A3676C /* Preview Assets.xcassets in Resources */,
				3B03E465247DB38000A3676C /* Assets.xcassets in Resources */,
			);
			runOnlyForDeploymentPostprocessing = 0;
		};
/* End PBXResourcesBuildPhase section */

/* Begin PBXSourcesBuildPhase section */
		3B03E454247DB37F00A3676C /* Sources */ = {
			isa = PBXSourcesBuildPhase;
			buildActionMask = 2147483647;
			files = (
				3B03E45C247DB37F00A3676C /* AppDelegate.swift in Sources */,
				3B6968DB247F164A00EA0C9B /* ImageSaver.swift in Sources */,
				3B03E461247DB37F00A3676C /* InstaFilter_3.xcdatamodeld in Sources */,
				3B03E473247DB8F300A3676C /* ImagePicker.swift in Sources */,
				3B03E463247DB37F00A3676C /* ContentView.swift in Sources */,
				3B03E45E247DB37F00A3676C /* SceneDelegate.swift in Sources */,
			);
			runOnlyForDeploymentPostprocessing = 0;
		};
/* End PBXSourcesBuildPhase section */

/* Begin PBXVariantGroup section */
		3B03E469247DB38000A3676C /* LaunchScreen.storyboard */ = {
			isa = PBXVariantGroup;
			children = (
				3B03E46A247DB38000A3676C /* Base */,
			);
			name = LaunchScreen.storyboard;
			sourceTree = "<group>";
		};
/* End PBXVariantGroup section */

/* Begin XCBuildConfiguration section */
		3B03E46D247DB38000A3676C /* Debug */ = {
			isa = XCBuildConfiguration;
			buildSettings = {
				ALWAYS_SEARCH_USER_PATHS = NO;
				CLANG_ANALYZER_NONNULL = YES;
				CLANG_ANALYZER_NUMBER_OBJECT_CONVERSION = YES_AGGRESSIVE;
				CLANG_CXX_LANGUAGE_STANDARD = "gnu++14";
				CLANG_CXX_LIBRARY = "libc++";
				CLANG_ENABLE_MODULES = YES;
				CLANG_ENABLE_OBJC_ARC = YES;
				CLANG_ENABLE_OBJC_WEAK = YES;
				CLANG_WARN_BLOCK_CAPTURE_AUTORELEASING = YES;
				CLANG_WARN_BOOL_CONVERSION = YES;
				CLANG_WARN_COMMA = YES;
				CLANG_WARN_CONSTANT_CONVERSION = YES;
				CLANG_WARN_DEPRECATED_OBJC_IMPLEMENTATIONS = YES;
				CLANG_WARN_DIRECT_OBJC_ISA_USAGE = YES_ERROR;
				CLANG_WARN_DOCUMENTATION_COMMENTS = YES;
				CLANG_WARN_EMPTY_BODY = YES;
				CLANG_WARN_ENUM_CONVERSION = YES;
				CLANG_WARN_INFINITE_RECURSION = YES;
				CLANG_WARN_INT_CONVERSION = YES;
				CLANG_WARN_NON_LITERAL_NULL_CONVERSION = YES;
				CLANG_WARN_OBJC_IMPLICIT_RETAIN_SELF = YES;
				CLANG_WARN_OBJC_LITERAL_CONVERSION = YES;
				CLANG_WARN_OBJC_ROOT_CLASS = YES_ERROR;
				CLANG_WARN_RANGE_LOOP_ANALYSIS = YES;
				CLANG_WARN_STRICT_PROTOTYPES = YES;
				CLANG_WARN_SUSPICIOUS_MOVE = YES;
				CLANG_WARN_UNGUARDED_AVAILABILITY = YES_AGGRESSIVE;
				CLANG_WARN_UNREACHABLE_CODE = YES;
				CLANG_WARN__DUPLICATE_METHOD_MATCH = YES;
				COPY_PHASE_STRIP = NO;
				DEBUG_INFORMATION_FORMAT = dwarf;
				ENABLE_STRICT_OBJC_MSGSEND = YES;
				ENABLE_TESTABILITY = YES;
				GCC_C_LANGUAGE_STANDARD = gnu11;
				GCC_DYNAMIC_NO_PIC = NO;
				GCC_NO_COMMON_BLOCKS = YES;
				GCC_OPTIMIZATION_LEVEL = 0;
				GCC_PREPROCESSOR_DEFINITIONS = (
					"DEBUG=1",
					"$(inherited)",
				);
				GCC_WARN_64_TO_32_BIT_CONVERSION = YES;
				GCC_WARN_ABOUT_RETURN_TYPE = YES_ERROR;
				GCC_WARN_UNDECLARED_SELECTOR = YES;
				GCC_WARN_UNINITIALIZED_AUTOS = YES_AGGRESSIVE;
				GCC_WARN_UNUSED_FUNCTION = YES;
				GCC_WARN_UNUSED_VARIABLE = YES;
				IPHONEOS_DEPLOYMENT_TARGET = 13.4;
				MTL_ENABLE_DEBUG_INFO = INCLUDE_SOURCE;
				MTL_FAST_MATH = YES;
				ONLY_ACTIVE_ARCH = YES;
				SDKROOT = iphoneos;
				SWIFT_ACTIVE_COMPILATION_CONDITIONS = DEBUG;
				SWIFT_OPTIMIZATION_LEVEL = "-Onone";
			};
			name = Debug;
		};
		3B03E46E247DB38000A3676C /* Release */ = {
			isa = XCBuildConfiguration;
			buildSettings = {
				ALWAYS_SEARCH_USER_PATHS = NO;
				CLANG_ANALYZER_NONNULL = YES;
				CLANG_ANALYZER_NUMBER_OBJECT_CONVERSION = YES_AGGRESSIVE;
				CLANG_CXX_LANGUAGE_STANDARD = "gnu++14";
				CLANG_CXX_LIBRARY = "libc++";
				CLANG_ENABLE_MODULES = YES;
				CLANG_ENABLE_OBJC_ARC = YES;
				CLANG_ENABLE_OBJC_WEAK = YES;
				CLANG_WARN_BLOCK_CAPTURE_AUTORELEASING = YES;
				CLANG_WARN_BOOL_CONVERSION = YES;
				CLANG_WARN_COMMA = YES;
				CLANG_WARN_CONSTANT_CONVERSION = YES;
				CLANG_WARN_DEPRECATED_OBJC_IMPLEMENTATIONS = YES;
				CLANG_WARN_DIRECT_OBJC_ISA_USAGE = YES_ERROR;
				CLANG_WARN_DOCUMENTATION_COMMENTS = YES;
				CLANG_WARN_EMPTY_BODY = YES;
				CLANG_WARN_ENUM_CONVERSION = YES;
				CLANG_WARN_INFINITE_RECURSION = YES;
				CLANG_WARN_INT_CONVERSION = YES;
				CLANG_WARN_NON_LITERAL_NULL_CONVERSION = YES;
				CLANG_WARN_OBJC_IMPLICIT_RETAIN_SELF = YES;
				CLANG_WARN_OBJC_LITERAL_CONVERSION = YES;
				CLANG_WARN_OBJC_ROOT_CLASS = YES_ERROR;
				CLANG_WARN_RANGE_LOOP_ANALYSIS = YES;
				CLANG_WARN_STRICT_PROTOTYPES = YES;
				CLANG_WARN_SUSPICIOUS_MOVE = YES;
				CLANG_WARN_UNGUARDED_AVAILABILITY = YES_AGGRESSIVE;
				CLANG_WARN_UNREACHABLE_CODE = YES;
				CLANG_WARN__DUPLICATE_METHOD_MATCH = YES;
				COPY_PHASE_STRIP = NO;
				DEBUG_INFORMATION_FORMAT = "dwarf-with-dsym";
				ENABLE_NS_ASSERTIONS = NO;
				ENABLE_STRICT_OBJC_MSGSEND = YES;
				GCC_C_LANGUAGE_STANDARD = gnu11;
				GCC_NO_COMMON_BLOCKS = YES;
				GCC_WARN_64_TO_32_BIT_CONVERSION = YES;
				GCC_WARN_ABOUT_RETURN_TYPE = YES_ERROR;
				GCC_WARN_UNDECLARED_SELECTOR = YES;
				GCC_WARN_UNINITIALIZED_AUTOS = YES_AGGRESSIVE;
				GCC_WARN_UNUSED_FUNCTION = YES;
				GCC_WARN_UNUSED_VARIABLE = YES;
				IPHONEOS_DEPLOYMENT_TARGET = 13.4;
				MTL_ENABLE_DEBUG_INFO = NO;
				MTL_FAST_MATH = YES;
				SDKROOT = iphoneos;
				SWIFT_COMPILATION_MODE = wholemodule;
				SWIFT_OPTIMIZATION_LEVEL = "-O";
				VALIDATE_PRODUCT = YES;
			};
			name = Release;
		};
		3B03E470247DB38000A3676C /* Debug */ = {
			isa = XCBuildConfiguration;
			buildSettings = {
				ASSETCATALOG_COMPILER_APPICON_NAME = AppIcon;
				CODE_SIGN_STYLE = Automatic;
				DEVELOPMENT_ASSET_PATHS = "\"InstaFilter 3/Preview Content\"";
				DEVELOPMENT_TEAM = 3S9YUH3JW6;
				ENABLE_PREVIEWS = YES;
				INFOPLIST_FILE = "InstaFilter 3/Info.plist";
				LD_RUNPATH_SEARCH_PATHS = (
					"$(inherited)",
					"@executable_path/Frameworks",
				);
				PRODUCT_BUNDLE_IDENTIFIER = "com.Esperdyne.InstaFilter-3";
				PRODUCT_NAME = "$(TARGET_NAME)";
				SWIFT_VERSION = 5.0;
				TARGETED_DEVICE_FAMILY = "1,2";
			};
			name = Debug;
		};
		3B03E471247DB38000A3676C /* Release */ = {
			isa = XCBuildConfiguration;
			buildSettings = {
				ASSETCATALOG_COMPILER_APPICON_NAME = AppIcon;
				CODE_SIGN_STYLE = Automatic;
				DEVELOPMENT_ASSET_PATHS = "\"InstaFilter 3/Preview Content\"";
				DEVELOPMENT_TEAM = 3S9YUH3JW6;
				ENABLE_PREVIEWS = YES;
				INFOPLIST_FILE = "InstaFilter 3/Info.plist";
				LD_RUNPATH_SEARCH_PATHS = (
					"$(inherited)",
					"@executable_path/Frameworks",
				);
				PRODUCT_BUNDLE_IDENTIFIER = "com.Esperdyne.InstaFilter-3";
				PRODUCT_NAME = "$(TARGET_NAME)";
				SWIFT_VERSION = 5.0;
				TARGETED_DEVICE_FAMILY = "1,2";
			};
			name = Release;
		};
/* End XCBuildConfiguration section */

/* Begin XCConfigurationList section */
		3B03E453247DB37F00A3676C /* Build configuration list for PBXProject "InstaFilter 3" */ = {
			isa = XCConfigurationList;
			buildConfigurations = (
				3B03E46D247DB38000A3676C /* Debug */,
				3B03E46E247DB38000A3676C /* Release */,
			);
			defaultConfigurationIsVisible = 0;
			defaultConfigurationName = Release;
		};
		3B03E46F247DB38000A3676C /* Build configuration list for PBXNativeTarget "InstaFilter 3" */ = {
			isa = XCConfigurationList;
			buildConfigurations = (
				3B03E470247DB38000A3676C /* Debug */,
				3B03E471247DB38000A3676C /* Release */,
			);
			defaultConfigurationIsVisible = 0;
			defaultConfigurationName = Release;
		};
/* End XCConfigurationList section */

/* Begin XCVersionGroup section */
		3B03E45F247DB37F00A3676C /* InstaFilter_3.xcdatamodeld */ = {
			isa = XCVersionGroup;
			children = (
				3B03E460247DB37F00A3676C /* InstaFilter_3.xcdatamodel */,
			);
			currentVersion = 3B03E460247DB37F00A3676C /* InstaFilter_3.xcdatamodel */;
			path = InstaFilter_3.xcdatamodeld;
			sourceTree = "<group>";
			versionGroupType = wrapper.xcdatamodel;
		};
/* End XCVersionGroup section */
	};
	rootObject = 3B03E450247DB37F00A3676C /* Project object */;
}
