// !$*UTF8*$!
{
	archiveVersion = 1;
	classes = {
	};
	objectVersion = 50;
	objects = {

/* Begin PBXBuildFile section */
		3B16A91C246DF6C300BBF3FF /* AppDelegate.swift in Sources */ = {isa = PBXBuildFile; fileRef = 3B16A91B246DF6C300BBF3FF /* AppDelegate.swift */; };
		3B16A91E246DF6C300BBF3FF /* SceneDelegate.swift in Sources */ = {isa = PBXBuildFile; fileRef = 3B16A91D246DF6C300BBF3FF /* SceneDelegate.swift */; };
		3B16A921246DF6C300BBF3FF /* Bookworm.xcdatamodeld in Sources */ = {isa = PBXBuildFile; fileRef = 3B16A91F246DF6C300BBF3FF /* Bookworm.xcdatamodeld */; };
		3B16A923246DF6C300BBF3FF /* ContentView.swift in Sources */ = {isa = PBXBuildFile; fileRef = 3B16A922246DF6C300BBF3FF /* ContentView.swift */; };
		3B16A925246DF6C600BBF3FF /* Assets.xcassets in Resources */ = {isa = PBXBuildFile; fileRef = 3B16A924246DF6C600BBF3FF /* Assets.xcassets */; };
		3B16A928246DF6C600BBF3FF /* Preview Assets.xcassets in Resources */ = {isa = PBXBuildFile; fileRef = 3B16A927246DF6C600BBF3FF /* Preview Assets.xcassets */; };
		3B16A92B246DF6C600BBF3FF /* LaunchScreen.storyboard in Resources */ = {isa = PBXBuildFile; fileRef = 3B16A929246DF6C600BBF3FF /* LaunchScreen.storyboard */; };
		3B16A933246F261500BBF3FF /* AddBookView.swift in Sources */ = {isa = PBXBuildFile; fileRef = 3B16A932246F261500BBF3FF /* AddBookView.swift */; };
		3B16A935246F2BD500BBF3FF /* RatingView.swift in Sources */ = {isa = PBXBuildFile; fileRef = 3B16A934246F2BD500BBF3FF /* RatingView.swift */; };
		3B16A937246F2E9C00BBF3FF /* EmojiRatingView.swift in Sources */ = {isa = PBXBuildFile; fileRef = 3B16A936246F2E9C00BBF3FF /* EmojiRatingView.swift */; };
		3B16A93924706E3900BBF3FF /* DetailView.swift in Sources */ = {isa = PBXBuildFile; fileRef = 3B16A93824706E3900BBF3FF /* DetailView.swift */; };
/* End PBXBuildFile section */

/* Begin PBXFileReference section */
		3B16A918246DF6C300BBF3FF /* Bookworm.app */ = {isa = PBXFileReference; explicitFileType = wrapper.application; includeInIndex = 0; path = Bookworm.app; sourceTree = BUILT_PRODUCTS_DIR; };
		3B16A91B246DF6C300BBF3FF /* AppDelegate.swift */ = {isa = PBXFileReference; lastKnownFileType = sourcecode.swift; path = AppDelegate.swift; sourceTree = "<group>"; };
		3B16A91D246DF6C300BBF3FF /* SceneDelegate.swift */ = {isa = PBXFileReference; lastKnownFileType = sourcecode.swift; path = SceneDelegate.swift; sourceTree = "<group>"; };
		3B16A920246DF6C300BBF3FF /* Bookworm.xcdatamodel */ = {isa = PBXFileReference; lastKnownFileType = wrapper.xcdatamodel; path = Bookworm.xcdatamodel; sourceTree = "<group>"; };
		3B16A922246DF6C300BBF3FF /* ContentView.swift */ = {isa = PBXFileReference; lastKnownFileType = sourcecode.swift; path = ContentView.swift; sourceTree = "<group>"; };
		3B16A924246DF6C600BBF3FF /* Assets.xcassets */ = {isa = PBXFileReference; lastKnownFileType = folder.assetcatalog; path = Assets.xcassets; sourceTree = "<group>"; };
		3B16A927246DF6C600BBF3FF /* Preview Assets.xcassets */ = {isa = PBXFileReference; lastKnownFileType = folder.assetcatalog; path = "Preview Assets.xcassets"; sourceTree = "<group>"; };
		3B16A92A246DF6C600BBF3FF /* Base */ = {isa = PBXFileReference; lastKnownFileType = file.storyboard; name = Base; path = Base.lproj/LaunchScreen.storyboard; sourceTree = "<group>"; };
		3B16A92C246DF6C600BBF3FF /* Info.plist */ = {isa = PBXFileReference; lastKnownFileType = text.plist.xml; path = Info.plist; sourceTree = "<group>"; };
		3B16A932246F261500BBF3FF /* AddBookView.swift */ = {isa = PBXFileReference; lastKnownFileType = sourcecode.swift; path = AddBookView.swift; sourceTree = "<group>"; };
		3B16A934246F2BD500BBF3FF /* RatingView.swift */ = {isa = PBXFileReference; lastKnownFileType = sourcecode.swift; path = RatingView.swift; sourceTree = "<group>"; };
		3B16A936246F2E9C00BBF3FF /* EmojiRatingView.swift */ = {isa = PBXFileReference; lastKnownFileType = sourcecode.swift; path = EmojiRatingView.swift; sourceTree = "<group>"; };
		3B16A93824706E3900BBF3FF /* DetailView.swift */ = {isa = PBXFileReference; lastKnownFileType = sourcecode.swift; path = DetailView.swift; sourceTree = "<group>"; };
/* End PBXFileReference section */

/* Begin PBXFrameworksBuildPhase section */
		3B16A915246DF6C300BBF3FF /* Frameworks */ = {
			isa = PBXFrameworksBuildPhase;
			buildActionMask = 2147483647;
			files = (
			);
			runOnlyForDeploymentPostprocessing = 0;
		};
/* End PBXFrameworksBuildPhase section */

/* Begin PBXGroup section */
		3B16A90F246DF6C300BBF3FF = {
			isa = PBXGroup;
			children = (
				3B16A91A246DF6C300BBF3FF /* Bookworm */,
				3B16A919246DF6C300BBF3FF /* Products */,
			);
			sourceTree = "<group>";
		};
		3B16A919246DF6C300BBF3FF /* Products */ = {
			isa = PBXGroup;
			children = (
				3B16A918246DF6C300BBF3FF /* Bookworm.app */,
			);
			name = Products;
			sourceTree = "<group>";
		};
		3B16A91A246DF6C300BBF3FF /* Bookworm */ = {
			isa = PBXGroup;
			children = (
				3B16A91B246DF6C300BBF3FF /* AppDelegate.swift */,
				3B16A91D246DF6C300BBF3FF /* SceneDelegate.swift */,
				3B16A922246DF6C300BBF3FF /* ContentView.swift */,
				3B16A936246F2E9C00BBF3FF /* EmojiRatingView.swift */,
				3B16A934246F2BD500BBF3FF /* RatingView.swift */,
				3B16A924246DF6C600BBF3FF /* Assets.xcassets */,
				3B16A93824706E3900BBF3FF /* DetailView.swift */,
				3B16A929246DF6C600BBF3FF /* LaunchScreen.storyboard */,
				3B16A92C246DF6C600BBF3FF /* Info.plist */,
				3B16A91F246DF6C300BBF3FF /* Bookworm.xcdatamodeld */,
				3B16A932246F261500BBF3FF /* AddBookView.swift */,
				3B16A926246DF6C600BBF3FF /* Preview Content */,
			);
			path = Bookworm;
			sourceTree = "<group>";
		};
		3B16A926246DF6C600BBF3FF /* Preview Content */ = {
			isa = PBXGroup;
			children = (
				3B16A927246DF6C600BBF3FF /* Preview Assets.xcassets */,
			);
			path = "Preview Content";
			sourceTree = "<group>";
		};
/* End PBXGroup section */

/* Begin PBXNativeTarget section */
		3B16A917246DF6C300BBF3FF /* Bookworm */ = {
			isa = PBXNativeTarget;
			buildConfigurationList = 3B16A92F246DF6C600BBF3FF /* Build configuration list for PBXNativeTarget "Bookworm" */;
			buildPhases = (
				3B16A914246DF6C300BBF3FF /* Sources */,
				3B16A915246DF6C300BBF3FF /* Frameworks */,
				3B16A916246DF6C300BBF3FF /* Resources */,
			);
			buildRules = (
			);
			dependencies = (
			);
			name = Bookworm;
			productName = Bookworm;
			productReference = 3B16A918246DF6C300BBF3FF /* Bookworm.app */;
			productType = "com.apple.product-type.application";
		};
/* End PBXNativeTarget section */

/* Begin PBXProject section */
		3B16A910246DF6C300BBF3FF /* Project object */ = {
			isa = PBXProject;
			attributes = {
				LastSwiftUpdateCheck = 1140;
				LastUpgradeCheck = 1140;
				ORGANIZATIONNAME = "Rich Kummer";
				TargetAttributes = {
					3B16A917246DF6C300BBF3FF = {
						CreatedOnToolsVersion = 11.4.1;
					};
				};
			};
			buildConfigurationList = 3B16A913246DF6C300BBF3FF /* Build configuration list for PBXProject "Bookworm" */;
			compatibilityVersion = "Xcode 9.3";
			developmentRegion = en;
			hasScannedForEncodings = 0;
			knownRegions = (
				en,
				Base,
			);
			mainGroup = 3B16A90F246DF6C300BBF3FF;
			productRefGroup = 3B16A919246DF6C300BBF3FF /* Products */;
			projectDirPath = "";
			projectRoot = "";
			targets = (
				3B16A917246DF6C300BBF3FF /* Bookworm */,
			);
		};
/* End PBXProject section */

/* Begin PBXResourcesBuildPhase section */
		3B16A916246DF6C300BBF3FF /* Resources */ = {
			isa = PBXResourcesBuildPhase;
			buildActionMask = 2147483647;
			files = (
				3B16A92B246DF6C600BBF3FF /* LaunchScreen.storyboard in Resources */,
				3B16A928246DF6C600BBF3FF /* Preview Assets.xcassets in Resources */,
				3B16A925246DF6C600BBF3FF /* Assets.xcassets in Resources */,
			);
			runOnlyForDeploymentPostprocessing = 0;
		};
/* End PBXResourcesBuildPhase section */

/* Begin PBXSourcesBuildPhase section */
		3B16A914246DF6C300BBF3FF /* Sources */ = {
			isa = PBXSourcesBuildPhase;
			buildActionMask = 2147483647;
			files = (
				3B16A91C246DF6C300BBF3FF /* AppDelegate.swift in Sources */,
				3B16A93924706E3900BBF3FF /* DetailView.swift in Sources */,
				3B16A921246DF6C300BBF3FF /* Bookworm.xcdatamodeld in Sources */,
				3B16A937246F2E9C00BBF3FF /* EmojiRatingView.swift in Sources */,
				3B16A923246DF6C300BBF3FF /* ContentView.swift in Sources */,
				3B16A935246F2BD500BBF3FF /* RatingView.swift in Sources */,
				3B16A91E246DF6C300BBF3FF /* SceneDelegate.swift in Sources */,
				3B16A933246F261500BBF3FF /* AddBookView.swift in Sources */,
			);
			runOnlyForDeploymentPostprocessing = 0;
		};
/* End PBXSourcesBuildPhase section */

/* Begin PBXVariantGroup section */
		3B16A929246DF6C600BBF3FF /* LaunchScreen.storyboard */ = {
			isa = PBXVariantGroup;
			children = (
				3B16A92A246DF6C600BBF3FF /* Base */,
			);
			name = LaunchScreen.storyboard;
			sourceTree = "<group>";
		};
/* End PBXVariantGroup section */

/* Begin XCBuildConfiguration section */
		3B16A92D246DF6C600BBF3FF /* Debug */ = {
			isa = XCBuildConfiguration;
			buildSettings = {
				ALWAYS_SEARCH_USER_PATHS = NO;
				CLANG_ANALYZER_NONNULL = YES;
				CLANG_ANALYZER_NUMBER_OBJECT_CONVERSION = YES_AGGRESSIVE;
				CLANG_CXX_LANGUAGE_STANDARD = "gnu++14";
				CLANG_CXX_LIBRARY = "libc++";
				CLANG_ENABLE_MODULES = YES;
				CLANG_ENABLE_OBJC_ARC = YES;
				CLANG_ENABLE_OBJC_WEAK = YES;
				CLANG_WARN_BLOCK_CAPTURE_AUTORELEASING = YES;
				CLANG_WARN_BOOL_CONVERSION = YES;
				CLANG_WARN_COMMA = YES;
				CLANG_WARN_CONSTANT_CONVERSION = YES;
				CLANG_WARN_DEPRECATED_OBJC_IMPLEMENTATIONS = YES;
				CLANG_WARN_DIRECT_OBJC_ISA_USAGE = YES_ERROR;
				CLANG_WARN_DOCUMENTATION_COMMENTS = YES;
				CLANG_WARN_EMPTY_BODY = YES;
				CLANG_WARN_ENUM_CONVERSION = YES;
				CLANG_WARN_INFINITE_RECURSION = YES;
				CLANG_WARN_INT_CONVERSION = YES;
				CLANG_WARN_NON_LITERAL_NULL_CONVERSION = YES;
				CLANG_WARN_OBJC_IMPLICIT_RETAIN_SELF = YES;
				CLANG_WARN_OBJC_LITERAL_CONVERSION = YES;
				CLANG_WARN_OBJC_ROOT_CLASS = YES_ERROR;
				CLANG_WARN_RANGE_LOOP_ANALYSIS = YES;
				CLANG_WARN_STRICT_PROTOTYPES = YES;
				CLANG_WARN_SUSPICIOUS_MOVE = YES;
				CLANG_WARN_UNGUARDED_AVAILABILITY = YES_AGGRESSIVE;
				CLANG_WARN_UNREACHABLE_CODE = YES;
				CLANG_WARN__DUPLICATE_METHOD_MATCH = YES;
				COPY_PHASE_STRIP = NO;
				DEBUG_INFORMATION_FORMAT = dwarf;
				ENABLE_STRICT_OBJC_MSGSEND = YES;
				ENABLE_TESTABILITY = YES;
				GCC_C_LANGUAGE_STANDARD = gnu11;
				GCC_DYNAMIC_NO_PIC = NO;
				GCC_NO_COMMON_BLOCKS = YES;
				GCC_OPTIMIZATION_LEVEL = 0;
				GCC_PREPROCESSOR_DEFINITIONS = (
					"DEBUG=1",
					"$(inherited)",
				);
				GCC_WARN_64_TO_32_BIT_CONVERSION = YES;
				GCC_WARN_ABOUT_RETURN_TYPE = YES_ERROR;
				GCC_WARN_UNDECLARED_SELECTOR = YES;
				GCC_WARN_UNINITIALIZED_AUTOS = YES_AGGRESSIVE;
				GCC_WARN_UNUSED_FUNCTION = YES;
				GCC_WARN_UNUSED_VARIABLE = YES;
				IPHONEOS_DEPLOYMENT_TARGET = 13.4;
				MTL_ENABLE_DEBUG_INFO = INCLUDE_SOURCE;
				MTL_FAST_MATH = YES;
				ONLY_ACTIVE_ARCH = YES;
				SDKROOT = iphoneos;
				SWIFT_ACTIVE_COMPILATION_CONDITIONS = DEBUG;
				SWIFT_OPTIMIZATION_LEVEL = "-Onone";
			};
			name = Debug;
		};
		3B16A92E246DF6C600BBF3FF /* Release */ = {
			isa = XCBuildConfiguration;
			buildSettings = {
				ALWAYS_SEARCH_USER_PATHS = NO;
				CLANG_ANALYZER_NONNULL = YES;
				CLANG_ANALYZER_NUMBER_OBJECT_CONVERSION = YES_AGGRESSIVE;
				CLANG_CXX_LANGUAGE_STANDARD = "gnu++14";
				CLANG_CXX_LIBRARY = "libc++";
				CLANG_ENABLE_MODULES = YES;
				CLANG_ENABLE_OBJC_ARC = YES;
				CLANG_ENABLE_OBJC_WEAK = YES;
				CLANG_WARN_BLOCK_CAPTURE_AUTORELEASING = YES;
				CLANG_WARN_BOOL_CONVERSION = YES;
				CLANG_WARN_COMMA = YES;
				CLANG_WARN_CONSTANT_CONVERSION = YES;
				CLANG_WARN_DEPRECATED_OBJC_IMPLEMENTATIONS = YES;
				CLANG_WARN_DIRECT_OBJC_ISA_USAGE = YES_ERROR;
				CLANG_WARN_DOCUMENTATION_COMMENTS = YES;
				CLANG_WARN_EMPTY_BODY = YES;
				CLANG_WARN_ENUM_CONVERSION = YES;
				CLANG_WARN_INFINITE_RECURSION = YES;
				CLANG_WARN_INT_CONVERSION = YES;
				CLANG_WARN_NON_LITERAL_NULL_CONVERSION = YES;
				CLANG_WARN_OBJC_IMPLICIT_RETAIN_SELF = YES;
				CLANG_WARN_OBJC_LITERAL_CONVERSION = YES;
				CLANG_WARN_OBJC_ROOT_CLASS = YES_ERROR;
				CLANG_WARN_RANGE_LOOP_ANALYSIS = YES;
				CLANG_WARN_STRICT_PROTOTYPES = YES;
				CLANG_WARN_SUSPICIOUS_MOVE = YES;
				CLANG_WARN_UNGUARDED_AVAILABILITY = YES_AGGRESSIVE;
				CLANG_WARN_UNREACHABLE_CODE = YES;
				CLANG_WARN__DUPLICATE_METHOD_MATCH = YES;
				COPY_PHASE_STRIP = NO;
				DEBUG_INFORMATION_FORMAT = "dwarf-with-dsym";
				ENABLE_NS_ASSERTIONS = NO;
				ENABLE_STRICT_OBJC_MSGSEND = YES;
				GCC_C_LANGUAGE_STANDARD = gnu11;
				GCC_NO_COMMON_BLOCKS = YES;
				GCC_WARN_64_TO_32_BIT_CONVERSION = YES;
				GCC_WARN_ABOUT_RETURN_TYPE = YES_ERROR;
				GCC_WARN_UNDECLARED_SELECTOR = YES;
				GCC_WARN_UNINITIALIZED_AUTOS = YES_AGGRESSIVE;
				GCC_WARN_UNUSED_FUNCTION = YES;
				GCC_WARN_UNUSED_VARIABLE = YES;
				IPHONEOS_DEPLOYMENT_TARGET = 13.4;
				MTL_ENABLE_DEBUG_INFO = NO;
				MTL_FAST_MATH = YES;
				SDKROOT = iphoneos;
				SWIFT_COMPILATION_MODE = wholemodule;
				SWIFT_OPTIMIZATION_LEVEL = "-O";
				VALIDATE_PRODUCT = YES;
			};
			name = Release;
		};
		3B16A930246DF6C600BBF3FF /* Debug */ = {
			isa = XCBuildConfiguration;
			buildSettings = {
				ASSETCATALOG_COMPILER_APPICON_NAME = AppIcon;
				CODE_SIGN_STYLE = Automatic;
				DEVELOPMENT_ASSET_PATHS = "\"Bookworm/Preview Content\"";
				DEVELOPMENT_TEAM = 3S9YUH3JW6;
				ENABLE_PREVIEWS = YES;
				INFOPLIST_FILE = Bookworm/Info.plist;
				LD_RUNPATH_SEARCH_PATHS = (
					"$(inherited)",
					"@executable_path/Frameworks",
				);
				PRODUCT_BUNDLE_IDENTIFIER = com.Esperdyne.Bookworm;
				PRODUCT_NAME = "$(TARGET_NAME)";
				SWIFT_VERSION = 5.0;
				TARGETED_DEVICE_FAMILY = "1,2";
			};
			name = Debug;
		};
		3B16A931246DF6C600BBF3FF /* Release */ = {
			isa = XCBuildConfiguration;
			buildSettings = {
				ASSETCATALOG_COMPILER_APPICON_NAME = AppIcon;
				CODE_SIGN_STYLE = Automatic;
				DEVELOPMENT_ASSET_PATHS = "\"Bookworm/Preview Content\"";
				DEVELOPMENT_TEAM = 3S9YUH3JW6;
				ENABLE_PREVIEWS = YES;
				INFOPLIST_FILE = Bookworm/Info.plist;
				LD_RUNPATH_SEARCH_PATHS = (
					"$(inherited)",
					"@executable_path/Frameworks",
				);
				PRODUCT_BUNDLE_IDENTIFIER = com.Esperdyne.Bookworm;
				PRODUCT_NAME = "$(TARGET_NAME)";
				SWIFT_VERSION = 5.0;
				TARGETED_DEVICE_FAMILY = "1,2";
			};
			name = Release;
		};
/* End XCBuildConfiguration section */

/* Begin XCConfigurationList section */
		3B16A913246DF6C300BBF3FF /* Build configuration list for PBXProject "Bookworm" */ = {
			isa = XCConfigurationList;
			buildConfigurations = (
				3B16A92D246DF6C600BBF3FF /* Debug */,
				3B16A92E246DF6C600BBF3FF /* Release */,
			);
			defaultConfigurationIsVisible = 0;
			defaultConfigurationName = Release;
		};
		3B16A92F246DF6C600BBF3FF /* Build configuration list for PBXNativeTarget "Bookworm" */ = {
			isa = XCConfigurationList;
			buildConfigurations = (
				3B16A930246DF6C600BBF3FF /* Debug */,
				3B16A931246DF6C600BBF3FF /* Release */,
			);
			defaultConfigurationIsVisible = 0;
			defaultConfigurationName = Release;
		};
/* End XCConfigurationList section */

/* Begin XCVersionGroup section */
		3B16A91F246DF6C300BBF3FF /* Bookworm.xcdatamodeld */ = {
			isa = XCVersionGroup;
			children = (
				3B16A920246DF6C300BBF3FF /* Bookworm.xcdatamodel */,
			);
			currentVersion = 3B16A920246DF6C300BBF3FF /* Bookworm.xcdatamodel */;
			path = Bookworm.xcdatamodeld;
			sourceTree = "<group>";
			versionGroupType = wrapper.xcdatamodel;
		};
/* End XCVersionGroup section */
	};
	rootObject = 3B16A910246DF6C300BBF3FF /* Project object */;
}
